{
  "name": "flayer-wings-frontend",
  "version": "2.0.0",
  "lockfileVersion": 3,
  "requires": true,
  "packages": {
    "": {
      "name": "flayer-wings-frontend",
      "version": "2.0.0",
      "dependencies": {
        "@vitejs/plugin-react": "latest",
        "react": "latest",
        "react-dom": "latest",
        "react-router-dom": "latest",
        "vite": "latest",
        "qrcode": "latest"
      },
      "devDependencies": {}
    },
    "node_modules/@oxc-project/types": {
      "version": "0.147.0",
      "resolved": "https://registry.npmjs.org/@oxc-project/types/-/types-0.147.0.tgz",
      "integrity": "sha512-IJ3s6ltHLp45S0bh7phkX+gJO7A1Wuz2EaqpAhb8WjqDwbzMiWKHhyyT42tskaWjEYXtHtVCPpnBJVT9+dcRLg==",
      "license": "MIT",
      "funding": {"url": "https://github.com/sponsors/Boshen"}
    },
    "node_modules/rolldown": {
      "version": "1.2.6",
      "resolved": "https://registry.npmjs.org/rolldown/-/rolldown-1.2.6.tgz",
      "integrity": "sha512-vMM4q3aixf46GiF1Kok8jDPFsEpXgFWGjUHXNkNHNm+Y2adXAG2dbX91jkti3i0ZRsOlcmbuzAz1poObSHCmUA==",
      "license": "MIT",
      "dependencies": {"@oxc-project/types": "=0.147.0", "@rolldown/pluginutils": "^1.0.0"},
      "bin": {"rolldown": "bin/cli.mjs"},
      "engines": {"node": "^20.19.0 || >=22.12.0"}
    },
    "node_modules/react": {
      "version": "19.2.8",
      "resolved": "https://registry.npmjs.org/react/-/react-19.2.8.tgz",
      "integrity": "sha512-PWaYA1L/q9u2u7xYQi+Y3L3Yfnie7XyLeaJICV1MGD6LprsBxcAqGjYyr0eY3p+QdsA+x/Irkt4Qif8D63+Sbw==",
      "license": "MIT",
      "peer": true,
      "engines": {"node": ">=0.10.0"}
    },
    "node_modules/react-dom": {
      "version": "19.2.8",
      "resolved": "https://registry.npmjs.org/react-dom/-/react-dom-19.2.8.tgz",
      "integrity": "sha512-rVprimfGBG3DR+Tq0IQG2DT5PxKth1WIGDmj5yPmlzr4YBe7uyE+Du4oVqTDXZSHGGGXRtTJEGSSePyQCMBglQ==",
      "license": "MIT",
      "peer": true,
      "dependencies": {"scheduler": "^0.27.0"},
      "peerDependencies": {"react": "^19.2.8"}
    },
    "node_modules/react-router": {
      "version": "7.18.3",
      "resolved": "https://registry.npmjs.org/react-router/-/react-router-7.18.3.tgz",
      "integrity": "sha512-gyXgtdr5uACJ5b1Q4udzjVV+tb/rlHIMJKuJ0e89R4Kzgz47z/rgP0dIKxktqIEUhDHluGTPJJH/wRha7CyqsA==",
      "license": "MIT",
      "dependencies": {"cookie": "^1.0.1", "set-cookie-parser": "^2.6.0"},
      "engines": {"node": ">=20.0.0"},
      "peerDependencies": {"react": ">=18", "react-dom": ">=18"}
    },
    "node_modules/react-router-dom": {
      "version": "7.18.3",
      "resolved": "https://registry.npmjs.org/react-router-dom/-/react-router-dom-7.18.3.tgz",
      "integrity": "sha512-ytVbyBBM7vMfRCam25r0WMhSVSom909A8p+8m0/f1w853dz/xfFu6etAT2SEbVoSnI+ZoPRDqIsQXVT89gp7kg==",
      "license": "MIT",
      "dependencies": {"react-router": "7.18.3"},
      "engines": {"node": ">=20.0.0"},
      "peerDependencies": {"react": ">=18", "react-dom": ">=18"}
    }
  }
}
