{
  "name": "flayer-wings-frontend",
  "version": "2.0.0",
  "lockfileVersion": 3,
  "requires": true,
  "packages": {
    "": {
      "name": "flayer-wings-frontend",
      "version": "2.0.0",
      "dependencies": {
        "@vitejs/plugin-react": "6.1.1",
        "qrcode": "1.5.4",
        "react": "19.2.8",
        "react-dom": "19.2.8",
        "react-router-dom": "7.18.3",
        "vite": "8.2.2"
      },
      "engines": {
        "node": ">=22.12.0 <25"
      },
      "devDependencies": {}
    },
    "node_modules/@vitejs/plugin-react": {
      "version": "6.1.1",
      "resolved": "https://registry.npmjs.org/@vitejs/plugin-react/-/plugin-react-6.1.1.tgz",
      "license": "MIT",
      "dependencies": {
        "@rolldown/pluginutils": "1.0.1",
        "vite": "8.2.2"
      },
      "engines": {
        "node": ">=20.19.0"
      },
      "peerDependencies": {
        "vite": "^8.2.0"
      }
    },
    "node_modules/qrcode": {
      "version": "1.5.4",
      "resolved": "https://registry.npmjs.org/qrcode/-/qrcode-1.5.4.tgz",
      "license": "MIT",
      "dependencies": {
        "dijkstrajs": "^1.0.1",
        "pngjs": "^5.0.0",
        "yargs": "^15.3.1"
      },
      "bin": {
        "qrcode": "bin/qrcode"
      },
      "engines": {
        "node": ">=10.13.0"
      }
    },
    "node_modules/react": {
      "version": "19.2.8",
      "resolved": "https://registry.npmjs.org/react/-/react-19.2.8.tgz",
      "license": "MIT"
    },
    "node_modules/react-dom": {
      "version": "19.2.8",
      "resolved": "https://registry.npmjs.org/react-dom/-/react-dom-19.2.8.tgz",
      "license": "MIT",
      "dependencies": {
        "scheduler": "^0.27.0"
      },
      "peerDependencies": {
        "react": "^19.2.8"
      }
    },
    "node_modules/react-router-dom": {
      "version": "7.18.3",
      "resolved": "https://registry.npmjs.org/react-router-dom/-/react-router-dom-7.18.3.tgz",
      "license": "MIT",
      "dependencies": {
        "react-router": "7.18.3"
      },
      "engines": {
        "node": ">=20.0.0"
      },
      "peerDependencies": {
        "react": ">=18",
        "react-dom": ">=18"
      }
    },
    "node_modules/vite": {
      "version": "8.2.2",
      "resolved": "https://registry.npmjs.org/vite/-/vite-8.2.2.tgz",
      "license": "MIT",
      "dependencies": {
        "lightningcss": "^1.33.0",
        "picomatch": "^4.0.5",
        "postcss": "^8.5.26",
        "rolldown": "~1.2.4",
        "tinyglobby": "^0.2.17"
      },
      "bin": {
        "vite": "bin/vite.js"
      },
      "engines": {
        "node": "^20.19.0 || >=22.12.0"
      },
      "peerDependencies": {
        "@types/node": "^20.19.0 || >=22.12.0",
        "@vitejs/devtools": "^0.4.0 || ^0.5.0",
        "esbuild": "^0.27.0 || ^0.28.0",
        "jiti": ">=1.21.0",
        "less": "^4.0.0",
        "sass": "^1.70.0",
        "sass-embedded": "^1.70.0",
        "stylus": ">=0.54.8",
        "sugarss": "^5.0.0",
        "terser": "^5.16.0",
        "tsx": "^4.8.1",
        "yaml": "^2.4.2"
      },
      "peerDependenciesMeta": {
        "@types/node": {"optional": true},
        "@vitejs/devtools": {"optional": true},
        "esbuild": {"optional": true},
        "jiti": {"optional": true},
        "less": {"optional": true},
        "sass": {"optional": true},
        "sass-embedded": {"optional": true},
        "stylus": {"optional": true},
        "sugarss": {"optional": true},
        "terser": {"optional": true},
        "tsx": {"optional": true},
        "yaml": {"optional": true}
      }
    }
  }
}
